// !$*UTF8*$!
{
	archiveVersion = 1;
	classes = {
	};
	objectVersion = 77;
	objects = {

/* Begin PBXBuildFile section */
		291B65E52E65D11200A9B177 /* FirebaseCore in Frameworks */ = {isa = PBXBuildFile; productRef = 291B65E42E65D11200A9B177 /* FirebaseCore */; };
		291B65E72E65D11800A9B177 /* FirebaseMessaging in Frameworks */ = {isa = PBXBuildFile; productRef = 291B65E62E65D11800A9B177 /* FirebaseMessaging */; };
/* End PBXBuildFile section */

/* Begin PBXContainerItemProxy section */
		29125FA72E65B1DD003CD6B7 /* PBXContainerItemProxy */ = {
			isa = PBXContainerItemProxy;
			containerPortal = 29125F912E65B1D8003CD6B7 /* Project object */;
			proxyType = 1;
			remoteGlobalIDString = 29125F982E65B1D8003CD6B7;
			remoteInfo = unidorm;
		};
		29125FB12E65B1DD003CD6B7 /* PBXContainerItemProxy */ = {
			isa = PBXContainerItemProxy;
			containerPortal = 29125F912E65B1D8003CD6B7 /* Project object */;
			proxyType = 1;
			remoteGlobalIDString = 29125F982E65B1D8003CD6B7;
			remoteInfo = unidorm;
		};
/* End PBXContainerItemProxy section */

/* Begin PBXFileReference section */
		29125F992E65B1D8003CD6B7 /* unidorm.app */ = {isa = PBXFileReference; explicitFileType = wrapper.application; includeInIndex = 0; path = unidorm.app; sourceTree = BUILT_PRODUCTS_DIR; };
		29125FA62E65B1DD003CD6B7 /* unidormTests.xctest */ = {isa = PBXFileReference; explicitFileType = wrapper.cfbundle; includeInIndex = 0; path = unidormTests.xctest; sourceTree = BUILT_PRODUCTS_DIR; };
		29125FB02E65B1DD003CD6B7 /* unidormUITests.xctest */ = {isa = PBXFileReference; explicitFileType = wrapper.cfbundle; includeInIndex = 0; path = unidormUITests.xctest; sourceTree = BUILT_PRODUCTS_DIR; };
		291B65E32E65D07D00A9B177 /* firebase-ios-sdk */ = {isa = PBXFileReference; lastKnownFileType = wrapper; path = "firebase-ios-sdk"; sourceTree = "<group>"; };
/* End PBXFileReference section */

/* Begin PBXFileSystemSynchronizedBuildFileExceptionSet section */
		29125FC42E65B1FD003CD6B7 /* Exceptions for "unidorm" folder in "unidorm" target */ = {
			isa = PBXFileSystemSynchronizedBuildFileExceptionSet;
			membershipExceptions = (
				Info.plist,
			);
			target = 29125F982E65B1D8003CD6B7 /* unidorm */;
		};
/* End PBXFileSystemSynchronizedBuildFileExceptionSet section */

/* Begin PBXFileSystemSynchronizedRootGroup section */
		29125F9B2E65B1D8003CD6B7 /* unidorm */ = {
			isa = PBXFileSystemSynchronizedRootGroup;
			exceptions = (
				29125FC42E65B1FD003CD6B7 /* Exceptions for "unidorm" folder in "unidorm" target */,
			);
			path = unidorm;
			sourceTree = "<group>";
		};
		29125FA92E65B1DD003CD6B7 /* unidormTests */ = {
			isa = PBXFileSystemSynchronizedRootGroup;
			path = unidormTests;
			sourceTree = "<group>";
		};
		29125FB32E65B1DD003CD6B7 /* unidormUITests */ = {
			isa = PBXFileSystemSynchronizedRootGroup;
			path = unidormUITests;
			sourceTree = "<group>";
		};
/* End PBXFileSystemSynchronizedRootGroup section */

/* Begin PBXFrameworksBuildPhase section */
		29125F962E65B1D8003CD6B7 /* Frameworks */ = {
			isa = PBXFrameworksBuildPhase;
			buildActionMask = 2147483647;
			files = (
				291B65E72E65D11800A9B177 /* FirebaseMessaging in Frameworks */,
				291B65E52E65D11200A9B177 /* FirebaseCore in Frameworks */,
			);
			runOnlyForDeploymentPostprocessing = 0;
		};
		29125FA32E65B1DD003CD6B7 /* Frameworks */ = {
			isa = PBXFrameworksBuildPhase;
			buildActionMask = 2147483647;
			files = (
			);
			runOnlyForDeploymentPostprocessing = 0;
		};
		29125FAD2E65B1DD003CD6B7 /* Frameworks */ = {
			isa = PBXFrameworksBuildPhase;
			buildActionMask = 2147483647;
			files = (
			);
			runOnlyForDeploymentPostprocessing = 0;
		};
/* End PBXFrameworksBuildPhase section */

/* Begin PBXGroup section */
		29125F902E65B1D8003CD6B7 = {
			isa = PBXGroup;
			children = (
				29125F9B2E65B1D8003CD6B7 /* unidorm */,
				29125FA92E65B1DD003CD6B7 /* unidormTests */,
				29125FB32E65B1DD003CD6B7 /* unidormUITests */,
				291B65A62E65B66E00A9B177 /* Frameworks */,
				29125F9A2E65B1D8003CD6B7 /* Products */,
			);
			sourceTree = "<group>";
		};
		29125F9A2E65B1D8003CD6B7 /* Products */ = {
			isa = PBXGroup;
			children = (
				29125F992E65B1D8003CD6B7 /* unidorm.app */,
				29125FA62E65B1DD003CD6B7 /* unidormTests.xctest */,
				29125FB02E65B1DD003CD6B7 /* unidormUITests.xctest */,
			);
			name = Products;
			sourceTree = "<group>";
		};
		291B65A62E65B66E00A9B177 /* Frameworks */ = {
			isa = PBXGroup;
			children = (
				291B65E32E65D07D00A9B177 /* firebase-ios-sdk */,
			);
			name = Frameworks;
			sourceTree = "<group>";
		};
/* End PBXGroup section */

/* Begin PBXNativeTarget section */
		29125F982E65B1D8003CD6B7 /* unidorm */ = {
			isa = PBXNativeTarget;
			buildConfigurationList = 29125FBA2E65B1DD003CD6B7 /* Build configuration list for PBXNativeTarget "unidorm" */;
			buildPhases = (
				29125F952E65B1D8003CD6B7 /* Sources */,
				29125F962E65B1D8003CD6B7 /* Frameworks */,
				29125F972E65B1D8003CD6B7 /* Resources */,
			);
			buildRules = (
			);
			dependencies = (
			);
			fileSystemSynchronizedGroups = (
				29125F9B2E65B1D8003CD6B7 /* unidorm */,
			);
			name = unidorm;
			packageProductDependencies = (
				291B65E42E65D11200A9B177 /* FirebaseCore */,
				291B65E62E65D11800A9B177 /* FirebaseMessaging */,
			);
			productName = unidorm;
			productReference = 29125F992E65B1D8003CD6B7 /* unidorm.app */;
			productType = "com.apple.product-type.application";
		};
		29125FA52E65B1DD003CD6B7 /* unidormTests */ = {
			isa = PBXNativeTarget;
			buildConfigurationList = 29125FBD2E65B1DD003CD6B7 /* Build configuration list for PBXNativeTarget "unidormTests" */;
			buildPhases = (
				29125FA22E65B1DD003CD6B7 /* Sources */,
				29125FA32E65B1DD003CD6B7 /* Frameworks */,
				29125FA42E65B1DD003CD6B7 /* Resources */,
			);
			buildRules = (
			);
			dependencies = (
				29125FA82E65B1DD003CD6B7 /* PBXTargetDependency */,
			);
			fileSystemSynchronizedGroups = (
				29125FA92E65B1DD003CD6B7 /* unidormTests */,
			);
			name = unidormTests;
			packageProductDependencies = (
			);
			productName = unidormTests;
			productReference = 29125FA62E65B1DD003CD6B7 /* unidormTests.xctest */;
			productType = "com.apple.product-type.bundle.unit-test";
		};
		29125FAF2E65B1DD003CD6B7 /* unidormUITests */ = {
			isa = PBXNativeTarget;
			buildConfigurationList = 29125FC02E65B1DD003CD6B7 /* Build configuration list for PBXNativeTarget "unidormUITests" */;
			buildPhases = (
				29125FAC2E65B1DD003CD6B7 /* Sources */,
				29125FAD2E65B1DD003CD6B7 /* Frameworks */,
				29125FAE2E65B1DD003CD6B7 /* Resources */,
			);
			buildRules = (
			);
			dependencies = (
				29125FB22E65B1DD003CD6B7 /* PBXTargetDependency */,
			);
			fileSystemSynchronizedGroups = (
				29125FB32E65B1DD003CD6B7 /* unidormUITests */,
			);
			name = unidormUITests;
			packageProductDependencies = (
			);
			productName = unidormUITests;
			productReference = 29125FB02E65B1DD003CD6B7 /* unidormUITests.xctest */;
			productType = "com.apple.product-type.bundle.ui-testing";
		};
/* End PBXNativeTarget section */

/* Begin PBXProject section */
		29125F912E65B1D8003CD6B7 /* Project object */ = {
			isa = PBXProject;
			attributes = {
				BuildIndependentTargetsInParallel = 1;
				LastSwiftUpdateCheck = 1640;
				LastUpgradeCheck = 1640;
				TargetAttributes = {
					29125F982E65B1D8003CD6B7 = {
						CreatedOnToolsVersion = 16.4;
					};
					29125FA52E65B1DD003CD6B7 = {
						CreatedOnToolsVersion = 16.4;
						TestTargetID = 29125F982E65B1D8003CD6B7;
					};
					29125FAF2E65B1DD003CD6B7 = {
						CreatedOnToolsVersion = 16.4;
						TestTargetID = 29125F982E65B1D8003CD6B7;
					};
				};
			};
			buildConfigurationList = 29125F942E65B1D8003CD6B7 /* Build configuration list for PBXProject "unidorm" */;
			developmentRegion = en;
			hasScannedForEncodings = 0;
			knownRegions = (
				en,
				Base,
			);
			mainGroup = 29125F902E65B1D8003CD6B7;
			minimizedProjectReferenceProxies = 1;
			preferredProjectObjectVersion = 77;
			productRefGroup = 29125F9A2E65B1D8003CD6B7 /* Products */;
			projectDirPath = "";
			projectRoot = "";
			targets = (
				29125F982E65B1D8003CD6B7 /* unidorm */,
				29125FA52E65B1DD003CD6B7 /* unidormTests */,
				29125FAF2E65B1DD003CD6B7 /* unidormUITests */,
			);
		};
/* End PBXProject section */

/* Begin PBXResourcesBuildPhase section */
		29125F972E65B1D8003CD6B7 /* Resources */ = {
			isa = PBXResourcesBuildPhase;
			buildActionMask = 2147483647;
			files = (
			);
			runOnlyForDeploymentPostprocessing = 0;
		};
		29125FA42E65B1DD003CD6B7 /* Resources */ = {
			isa = PBXResourcesBuildPhase;
			buildActionMask = 2147483647;
			files = (
			);
			runOnlyForDeploymentPostprocessing = 0;
		};
		29125FAE2E65B1DD003CD6B7 /* Resources */ = {
			isa = PBXResourcesBuildPhase;
			buildActionMask = 2147483647;
			files = (
			);
			runOnlyForDeploymentPostprocessing = 0;
		};
/* End PBXResourcesBuildPhase section */

/* Begin PBXSourcesBuildPhase section */
		29125F952E65B1D8003CD6B7 /* Sources */ = {
			isa = PBXSourcesBuildPhase;
			buildActionMask = 2147483647;
			files = (
			);
			runOnlyForDeploymentPostprocessing = 0;
		};
		29125FA22E65B1DD003CD6B7 /* Sources */ = {
			isa = PBXSourcesBuildPhase;
			buildActionMask = 2147483647;
			files = (
			);
			runOnlyForDeploymentPostprocessing = 0;
		};
		29125FAC2E65B1DD003CD6B7 /* Sources */ = {
			isa = PBXSourcesBuildPhase;
			buildActionMask = 2147483647;
			files = (
			);
			runOnlyForDeploymentPostprocessing = 0;
		};
/* End PBXSourcesBuildPhase section */

/* Begin PBXTargetDependency section */
		29125FA82E65B1DD003CD6B7 /* PBXTargetDependency */ = {
			isa = PBXTargetDependency;
			target = 29125F982E65B1D8003CD6B7 /* unidorm */;
			targetProxy = 29125FA72E65B1DD003CD6B7 /* PBXContainerItemProxy */;
		};
		29125FB22E65B1DD003CD6B7 /* PBXTargetDependency */ = {
			isa = PBXTargetDependency;
			target = 29125F982E65B1D8003CD6B7 /* unidorm */;
			targetProxy = 29125FB12E65B1DD003CD6B7 /* PBXContainerItemProxy */;
		};
/* End PBXTargetDependency section */

/* Begin XCBuildConfiguration section */
		29125FB82E65B1DD003CD6B7 /* Debug */ = {
			isa = XCBuildConfiguration;
			buildSettings = {
				ALWAYS_SEARCH_USER_PATHS = NO;
				ASSETCATALOG_COMPILER_GENERATE_SWIFT_ASSET_SYMBOL_EXTENSIONS = YES;
				CLANG_ANALYZER_NONNULL = YES;
				CLANG_ANALYZER_NUMBER_OBJECT_CONVERSION = YES_AGGRESSIVE;
				CLANG_CXX_LANGUAGE_STANDARD = "gnu++20";
				CLANG_ENABLE_MODULES = YES;
				CLANG_ENABLE_OBJC_ARC = YES;
				CLANG_ENABLE_OBJC_WEAK = YES;
				CLANG_WARN_BLOCK_CAPTURE_AUTORELEASING = YES;
				CLANG_WARN_BOOL_CONVERSION = YES;
				CLANG_WARN_COMMA = YES;
				CLANG_WARN_CONSTANT_CONVERSION = YES;
				CLANG_WARN_DEPRECATED_OBJC_IMPLEMENTATIONS = YES;
				CLANG_WARN_DIRECT_OBJC_ISA_USAGE = YES_ERROR;
				CLANG_WARN_DOCUMENTATION_COMMENTS = YES;
				CLANG_WARN_EMPTY_BODY = YES;
				CLANG_WARN_ENUM_CONVERSION = YES;
				CLANG_WARN_INFINITE_RECURSION = YES;
				CLANG_WARN_INT_CONVERSION = YES;
				CLANG_WARN_NON_LITERAL_NULL_CONVERSION = YES;
				CLANG_WARN_OBJC_IMPLICIT_RETAIN_SELF = YES;
				CLANG_WARN_OBJC_LITERAL_CONVERSION = YES;
				CLANG_WARN_OBJC_ROOT_CLASS = YES_ERROR;
				CLANG_WARN_QUOTED_INCLUDE_IN_FRAMEWORK_HEADER = YES;
				CLANG_WARN_RANGE_LOOP_ANALYSIS = YES;
				CLANG_WARN_STRICT_PROTOTYPES = YES;
				CLANG_WARN_SUSPICIOUS_MOVE = YES;
				CLANG_WARN_UNGUARDED_AVAILABILITY = YES_AGGRESSIVE;
				CLANG_WARN_UNREACHABLE_CODE = YES;
				CLANG_WARN__DUPLICATE_METHOD_MATCH = YES;
				COPY_PHASE_STRIP = NO;
				DEBUG_INFORMATION_FORMAT = dwarf;
				DEVELOPMENT_TEAM = AANGG4Q668;
				ENABLE_STRICT_OBJC_MSGSEND = YES;
				ENABLE_TESTABILITY = YES;
				ENABLE_USER_SCRIPT_SANDBOXING = YES;
				GCC_C_LANGUAGE_STANDARD = gnu17;
				GCC_DYNAMIC_NO_PIC = NO;
				GCC_NO_COMMON_BLOCKS = YES;
				GCC_OPTIMIZATION_LEVEL = 0;
				GCC_PREPROCESSOR_DEFINITIONS = (
					"DEBUG=1",
					"$(inherited)",
				);
				GCC_WARN_64_TO_32_BIT_CONVERSION = YES;
				GCC_WARN_ABOUT_RETURN_TYPE = YES_ERROR;
				GCC_WARN_UNDECLARED_SELECTOR = YES;
				GCC_WARN_UNINITIALIZED_AUTOS = YES_AGGRESSIVE;
				GCC_WARN_UNUSED_FUNCTION = YES;
				GCC_WARN_UNUSED_VARIABLE = YES;
				IPHONEOS_DEPLOYMENT_TARGET = 18.5;
				LOCALIZATION_PREFERS_STRING_CATALOGS = YES;
				MTL_ENABLE_DEBUG_INFO = INCLUDE_SOURCE;
				MTL_FAST_MATH = YES;
				ONLY_ACTIVE_ARCH = YES;
				SDKROOT = iphoneos;
				SWIFT_ACTIVE_COMPILATION_CONDITIONS = "DEBUG $(inherited)";
				SWIFT_OPTIMIZATION_LEVEL = "-Onone";
			};
			name = Debug;
		};
		29125FB92E65B1DD003CD6B7 /* Release */ = {
			isa = XCBuildConfiguration;
			buildSettings = {
				ALWAYS_SEARCH_USER_PATHS = NO;
				ASSETCATALOG_COMPILER_GENERATE_SWIFT_ASSET_SYMBOL_EXTENSIONS = YES;
				CLANG_ANALYZER_NONNULL = YES;
				CLANG_ANALYZER_NUMBER_OBJECT_CONVERSION = YES_AGGRESSIVE;
				CLANG_CXX_LANGUAGE_STANDARD = "gnu++20";
				CLANG_ENABLE_MODULES = YES;
				CLANG_ENABLE_OBJC_ARC = YES;
				CLANG_ENABLE_OBJC_WEAK = YES;
				CLANG_WARN_BLOCK_CAPTURE_AUTORELEASING = YES;
				CLANG_WARN_BOOL_CONVERSION = YES;
				CLANG_WARN_COMMA = YES;
				CLANG_WARN_CONSTANT_CONVERSION = YES;
				CLANG_WARN_DEPRECATED_OBJC_IMPLEMENTATIONS = YES;
				CLANG_WARN_DIRECT_OBJC_ISA_USAGE = YES_ERROR;
				CLANG_WARN_DOCUMENTATION_COMMENTS = YES;
				CLANG_WARN_EMPTY_BODY = YES;
				CLANG_WARN_ENUM_CONVERSION = YES;
				CLANG_WARN_INFINITE_RECURSION = YES;
				CLANG_WARN_INT_CONVERSION = YES;
				CLANG_WARN_NON_LITERAL_NULL_CONVERSION = YES;
				CLANG_WARN_OBJC_IMPLICIT_RETAIN_SELF = YES;
				CLANG_WARN_OBJC_LITERAL_CONVERSION = YES;
				CLANG_WARN_OBJC_ROOT_CLASS = YES_ERROR;
				CLANG_WARN_QUOTED_INCLUDE_IN_FRAMEWORK_HEADER = YES;
				CLANG_WARN_RANGE_LOOP_ANALYSIS = YES;
				CLANG_WARN_STRICT_PROTOTYPES = YES;
				CLANG_WARN_SUSPICIOUS_MOVE = YES;
				CLANG_WARN_UNGUARDED_AVAILABILITY = YES_AGGRESSIVE;
				CLANG_WARN_UNREACHABLE_CODE = YES;
				CLANG_WARN__DUPLICATE_METHOD_MATCH = YES;
				COPY_PHASE_STRIP = NO;
				DEBUG_INFORMATION_FORMAT = "dwarf-with-dsym";
				DEVELOPMENT_TEAM = AANGG4Q668;
				ENABLE_NS_ASSERTIONS = NO;
				ENABLE_STRICT_OBJC_MSGSEND = YES;
				ENABLE_USER_SCRIPT_SANDBOXING = YES;
				GCC_C_LANGUAGE_STANDARD = gnu17;
				GCC_NO_COMMON_BLOCKS = YES;
				GCC_WARN_64_TO_32_BIT_CONVERSION = YES;
				GCC_WARN_ABOUT_RETURN_TYPE = YES_ERROR;
				GCC_WARN_UNDECLARED_SELECTOR = YES;
				GCC_WARN_UNINITIALIZED_AUTOS = YES_AGGRESSIVE;
				GCC_WARN_UNUSED_FUNCTION = YES;
				GCC_WARN_UNUSED_VARIABLE = YES;
				IPHONEOS_DEPLOYMENT_TARGET = 18.5;
				LOCALIZATION_PREFERS_STRING_CATALOGS = YES;
				MTL_ENABLE_DEBUG_INFO = NO;
				MTL_FAST_MATH = YES;
				SDKROOT = iphoneos;
				SWIFT_COMPILATION_MODE = wholemodule;
				VALIDATE_PRODUCT = YES;
			};
			name = Release;
		};
		29125FBB2E65B1DD003CD6B7 /* Debug */ = {
			isa = XCBuildConfiguration;
			buildSettings = {
				ASSETCATALOG_COMPILER_APPICON_NAME = AppIcon;
				ASSETCATALOG_COMPILER_GLOBAL_ACCENT_COLOR_NAME = AccentColor;
				CODE_SIGN_ENTITLEMENTS = unidorm/unidorm.entitlements;
				CODE_SIGN_STYLE = Automatic;
				CURRENT_PROJECT_VERSION = 7;
				DEVELOPMENT_TEAM = AANGG4Q668;
				ENABLE_PREVIEWS = YES;
				GENERATE_INFOPLIST_FILE = YES;
				INFOPLIST_FILE = unidorm/Info.plist;
				INFOPLIST_KEY_CFBundleDisplayName = "유니돔";
				INFOPLIST_KEY_UIApplicationSceneManifest_Generation = YES;
				INFOPLIST_KEY_UIApplicationSupportsIndirectInputEvents = YES;
				INFOPLIST_KEY_UILaunchScreen_Generation = YES;
				INFOPLIST_KEY_UISupportedInterfaceOrientations_iPad = "UIInterfaceOrientationPortrait UIInterfaceOrientationPortraitUpsideDown UIInterfaceOrientationLandscapeLeft UIInterfaceOrientationLandscapeRight";
				INFOPLIST_KEY_UISupportedInterfaceOrientations_iPhone = "UIInterfaceOrientationPortrait UIInterfaceOrientationLandscapeLeft UIInterfaceOrientationLandscapeRight";
				IPHONEOS_DEPLOYMENT_TARGET = 15.6;
				LD_RUNPATH_SEARCH_PATHS = (
					"$(inherited)",
					"@executable_path/Frameworks",
				);
				MARKETING_VERSION = 1.2.3;
				PRODUCT_BUNDLE_IDENTIFIER = com.inuappcenter.unidorm;
				PRODUCT_NAME = "$(TARGET_NAME)";
				SWIFT_EMIT_LOC_STRINGS = YES;
				SWIFT_VERSION = 5.0;
				TARGETED_DEVICE_FAMILY = "1,2";
			};
			name = Debug;
		};
		29125FBC2E65B1DD003CD6B7 /* Release */ = {
			isa = XCBuildConfiguration;
			buildSettings = {
				ASSETCATALOG_COMPILER_APPICON_NAME = AppIcon;
				ASSETCATALOG_COMPILER_GLOBAL_ACCENT_COLOR_NAME = AccentColor;
				CODE_SIGN_ENTITLEMENTS = unidorm/unidorm.entitlements;
				CODE_SIGN_STYLE = Automatic;
				CURRENT_PROJECT_VERSION = 7;
				DEVELOPMENT_TEAM = AANGG4Q668;
				ENABLE_PREVIEWS = YES;
				GENERATE_INFOPLIST_FILE = YES;
				INFOPLIST_FILE = unidorm/Info.plist;
				INFOPLIST_KEY_CFBundleDisplayName = "유니돔";
				INFOPLIST_KEY_UIApplicationSceneManifest_Generation = YES;
				INFOPLIST_KEY_UIApplicationSupportsIndirectInputEvents = YES;
				INFOPLIST_KEY_UILaunchScreen_Generation = YES;
				INFOPLIST_KEY_UISupportedInterfaceOrientations_iPad = "UIInterfaceOrientationPortrait UIInterfaceOrientationPortraitUpsideDown UIInterfaceOrientationLandscapeLeft UIInterfaceOrientationLandscapeRight";
				INFOPLIST_KEY_UISupportedInterfaceOrientations_iPhone = "UIInterfaceOrientationPortrait UIInterfaceOrientationLandscapeLeft UIInterfaceOrientationLandscapeRight";
				IPHONEOS_DEPLOYMENT_TARGET = 15.6;
				LD_RUNPATH_SEARCH_PATHS = (
					"$(inherited)",
					"@executable_path/Frameworks",
				);
				MARKETING_VERSION = 1.2.3;
				PRODUCT_BUNDLE_IDENTIFIER = com.inuappcenter.unidorm;
				PRODUCT_NAME = "$(TARGET_NAME)";
				SWIFT_EMIT_LOC_STRINGS = YES;
				SWIFT_VERSION = 5.0;
				TARGETED_DEVICE_FAMILY = "1,2";
			};
			name = Release;
		};
		29125FBE2E65B1DD003CD6B7 /* Debug */ = {
			isa = XCBuildConfiguration;
			buildSettings = {
				BUNDLE_LOADER = "$(TEST_HOST)";
				CODE_SIGN_STYLE = Automatic;
				CURRENT_PROJECT_VERSION = 1;
				DEVELOPMENT_TEAM = AANGG4Q668;
				GENERATE_INFOPLIST_FILE = YES;
				IPHONEOS_DEPLOYMENT_TARGET = 18.5;
				MARKETING_VERSION = 1.0;
				PRODUCT_BUNDLE_IDENTIFIER = com.inuappcenter.unidorm.unidormTests;
				PRODUCT_NAME = "$(TARGET_NAME)";
				SWIFT_EMIT_LOC_STRINGS = NO;
				SWIFT_VERSION = 5.0;
				TARGETED_DEVICE_FAMILY = "1,2";
				TEST_HOST = "$(BUILT_PRODUCTS_DIR)/unidorm.app/$(BUNDLE_EXECUTABLE_FOLDER_PATH)/unidorm";
			};
			name = Debug;
		};
		29125FBF2E65B1DD003CD6B7 /* Release */ = {
			isa = XCBuildConfiguration;
			buildSettings = {
				BUNDLE_LOADER = "$(TEST_HOST)";
				CODE_SIGN_STYLE = Automatic;
				CURRENT_PROJECT_VERSION = 1;
				DEVELOPMENT_TEAM = AANGG4Q668;
				GENERATE_INFOPLIST_FILE = YES;
				IPHONEOS_DEPLOYMENT_TARGET = 18.5;
				MARKETING_VERSION = 1.0;
				PRODUCT_BUNDLE_IDENTIFIER = com.inuappcenter.unidorm.unidormTests;
				PRODUCT_NAME = "$(TARGET_NAME)";
				SWIFT_EMIT_LOC_STRINGS = NO;
				SWIFT_VERSION = 5.0;
				TARGETED_DEVICE_FAMILY = "1,2";
				TEST_HOST = "$(BUILT_PRODUCTS_DIR)/unidorm.app/$(BUNDLE_EXECUTABLE_FOLDER_PATH)/unidorm";
			};
			name = Release;
		};
		29125FC12E65B1DD003CD6B7 /* Debug */ = {
			isa = XCBuildConfiguration;
			buildSettings = {
				CODE_SIGN_STYLE = Automatic;
				CURRENT_PROJECT_VERSION = 1;
				DEVELOPMENT_TEAM = AANGG4Q668;
				GENERATE_INFOPLIST_FILE = YES;
				MARKETING_VERSION = 1.0;
				PRODUCT_BUNDLE_IDENTIFIER = com.inuappcenter.unidorm.unidormUITests;
				PRODUCT_NAME = "$(TARGET_NAME)";
				SWIFT_EMIT_LOC_STRINGS = NO;
				SWIFT_VERSION = 5.0;
				TARGETED_DEVICE_FAMILY = "1,2";
				TEST_TARGET_NAME = unidorm;
			};
			name = Debug;
		};
		29125FC22E65B1DD003CD6B7 /* Release */ = {
			isa = XCBuildConfiguration;
			buildSettings = {
				CODE_SIGN_STYLE = Automatic;
				CURRENT_PROJECT_VERSION = 1;
				DEVELOPMENT_TEAM = AANGG4Q668;
				GENERATE_INFOPLIST_FILE = YES;
				MARKETING_VERSION = 1.0;
				PRODUCT_BUNDLE_IDENTIFIER = com.inuappcenter.unidorm.unidormUITests;
				PRODUCT_NAME = "$(TARGET_NAME)";
				SWIFT_EMIT_LOC_STRINGS = NO;
				SWIFT_VERSION = 5.0;
				TARGETED_DEVICE_FAMILY = "1,2";
				TEST_TARGET_NAME = unidorm;
			};
			name = Release;
		};
/* End XCBuildConfiguration section */

/* Begin XCConfigurationList section */
		29125F942E65B1D8003CD6B7 /* Build configuration list for PBXProject "unidorm" */ = {
			isa = XCConfigurationList;
			buildConfigurations = (
				29125FB82E65B1DD003CD6B7 /* Debug */,
				29125FB92E65B1DD003CD6B7 /* Release */,
			);
			defaultConfigurationIsVisible = 0;
			defaultConfigurationName = Release;
		};
		29125FBA2E65B1DD003CD6B7 /* Build configuration list for PBXNativeTarget "unidorm" */ = {
			isa = XCConfigurationList;
			buildConfigurations = (
				29125FBB2E65B1DD003CD6B7 /* Debug */,
				29125FBC2E65B1DD003CD6B7 /* Release */,
			);
			defaultConfigurationIsVisible = 0;
			defaultConfigurationName = Release;
		};
		29125FBD2E65B1DD003CD6B7 /* Build configuration list for PBXNativeTarget "unidormTests" */ = {
			isa = XCConfigurationList;
			buildConfigurations = (
				29125FBE2E65B1DD003CD6B7 /* Debug */,
				29125FBF2E65B1DD003CD6B7 /* Release */,
			);
			defaultConfigurationIsVisible = 0;
			defaultConfigurationName = Release;
		};
		29125FC02E65B1DD003CD6B7 /* Build configuration list for PBXNativeTarget "unidormUITests" */ = {
			isa = XCConfigurationList;
			buildConfigurations = (
				29125FC12E65B1DD003CD6B7 /* Debug */,
				29125FC22E65B1DD003CD6B7 /* Release */,
			);
			defaultConfigurationIsVisible = 0;
			defaultConfigurationName = Release;
		};
/* End XCConfigurationList section */

/* Begin XCSwiftPackageProductDependency section */
		291B65E42E65D11200A9B177 /* FirebaseCore */ = {
			isa = XCSwiftPackageProductDependency;
			productName = FirebaseCore;
		};
		291B65E62E65D11800A9B177 /* FirebaseMessaging */ = {
			isa = XCSwiftPackageProductDependency;
			productName = FirebaseMessaging;
		};
/* End XCSwiftPackageProductDependency section */
	};
	rootObject = 29125F912E65B1D8003CD6B7 /* Project object */;
}
